
Microsoft Visual Studio Solution File, Format Version 12.00
# Visual Studio Version 16
VisualStudioVersion = 16.0.30413.136
MinimumVisualStudioVersion = 10.0.40219.1
Project("{9A19103F-16F7-4668-BE54-9A1E7A4F7556}") = "AspWebAPI", "ASpCoreWebAPI 125234234\AspWebAPI.csproj", "{DD8BC715-300A-4765-A8D7-BB1B40E817B7}"
EndProject
Global
	GlobalSection(SolutionConfigurationPlatforms) = preSolution
		Debug|Any CPU = Debug|Any CPU
		Release|Any CPU = Release|Any CPU
	EndGlobalSection
	GlobalSection(ProjectConfigurationPlatforms) = postSolution
		{DD8BC715-300A-4765-A8D7-BB1B40E817B7}.Debug|Any CPU.ActiveCfg = Debug|Any CPU
		{DD8BC715-300A-4765-A8D7-BB1B40E817B7}.Debug|Any CPU.Build.0 = Debug|Any CPU
		{DD8BC715-300A-4765-A8D7-BB1B40E817B7}.Release|Any CPU.ActiveCfg = Release|Any CPU
		{DD8BC715-300A-4765-A8D7-BB1B40E817B7}.Release|Any CPU.Build.0 = Release|Any CPU
	EndGlobalSection
	GlobalSection(SolutionProperties) = preSolution
		HideSolutionNode = FALSE
	EndGlobalSection
	GlobalSection(ExtensibilityGlobals) = postSolution
		SolutionGuid = {62D42898-6A51-4C25-81CE-6A2C9CE02C80}
	EndGlobalSection
EndGlobal
